
Microsoft Visual Studio Solution File, Format Version 12.00
# Visual Studio Version 17
VisualStudioVersion = 17.0.31903.59
MinimumVisualStudioVersion = 10.0.40219.1
Project("{2150E333-8FDC-42A3-9474-1A3956D46DE8}") = "src", "src", "{827E0CD3-B72D-47B6-A68D-7590B98EB39B}"
EndProject
Project("{FAE04EC0-301F-11D3-BF4B-00C04F79EFBC}") = "SimpleTrader.Domain", "src\SimpleTrader.Domain\SimpleTrader.Domain.csproj", "{1A2238A7-B758-40F5-8EC4-5B8E428BDA37}"
EndProject
Project("{FAE04EC0-301F-11D3-BF4B-00C04F79EFBC}") = "SimpleTrader.EntityFramework", "src\SimpleTrader.EntityFramework\SimpleTrader.EntityFramework.csproj", "{21DF9FE0-A187-473D-8685-253A4604EE8C}"
EndProject
Project("{FAE04EC0-301F-11D3-BF4B-00C04F79EFBC}") = "SimpleTrader.WPF", "src\SimpleTrader.WPF\SimpleTrader.WPF.csproj", "{2EB2BB28-939B-4D44-8C1B-964CFB654E87}"
EndProject
Project("{FAE04EC0-301F-11D3-BF4B-00C04F79EFBC}") = "SimpleTrader.FinancialModelingPrepAPI", "src\SimpleTrader.FinancialModelingPrepAPI\SimpleTrader.FinancialModelingPrepAPI.csproj", "{B8E11F55-E0DE-44A0-B1C6-3527BD8F8C85}"
EndProject
Global
	GlobalSection(SolutionConfigurationPlatforms) = preSolution
		Debug|Any CPU = Debug|Any CPU
		Debug|x64 = Debug|x64
		Debug|x86 = Debug|x86
		Release|Any CPU = Release|Any CPU
		Release|x64 = Release|x64
		Release|x86 = Release|x86
	EndGlobalSection
	GlobalSection(ProjectConfigurationPlatforms) = postSolution
		{1A2238A7-B758-40F5-8EC4-5B8E428BDA37}.Debug|Any CPU.ActiveCfg = Debug|Any CPU
		{1A2238A7-B758-40F5-8EC4-5B8E428BDA37}.Debug|Any CPU.Build.0 = Debug|Any CPU
		{1A2238A7-B758-40F5-8EC4-5B8E428BDA37}.Debug|x64.ActiveCfg = Debug|Any CPU
		{1A2238A7-B758-40F5-8EC4-5B8E428BDA37}.Debug|x64.Build.0 = Debug|Any CPU
		{1A2238A7-B758-40F5-8EC4-5B8E428BDA37}.Debug|x86.ActiveCfg = Debug|Any CPU
		{1A2238A7-B758-40F5-8EC4-5B8E428BDA37}.Debug|x86.Build.0 = Debug|Any CPU
		{1A2238A7-B758-40F5-8EC4-5B8E428BDA37}.Release|Any CPU.ActiveCfg = Release|Any CPU
		{1A2238A7-B758-40F5-8EC4-5B8E428BDA37}.Release|Any CPU.Build.0 = Release|Any CPU
		{1A2238A7-B758-40F5-8EC4-5B8E428BDA37}.Release|x64.ActiveCfg = Release|Any CPU
		{1A2238A7-B758-40F5-8EC4-5B8E428BDA37}.Release|x64.Build.0 = Release|Any CPU
		{1A2238A7-B758-40F5-8EC4-5B8E428BDA37}.Release|x86.ActiveCfg = Release|Any CPU
		{1A2238A7-B758-40F5-8EC4-5B8E428BDA37}.Release|x86.Build.0 = Release|Any CPU
		{21DF9FE0-A187-473D-8685-253A4604EE8C}.Debug|Any CPU.ActiveCfg = Debug|Any CPU
		{21DF9FE0-A187-473D-8685-253A4604EE8C}.Debug|Any CPU.Build.0 = Debug|Any CPU
		{21DF9FE0-A187-473D-8685-253A4604EE8C}.Debug|x64.ActiveCfg = Debug|Any CPU
		{21DF9FE0-A187-473D-8685-253A4604EE8C}.Debug|x64.Build.0 = Debug|Any CPU
		{21DF9FE0-A187-473D-8685-253A4604EE8C}.Debug|x86.ActiveCfg = Debug|Any CPU
		{21DF9FE0-A187-473D-8685-253A4604EE8C}.Debug|x86.Build.0 = Debug|Any CPU
		{21DF9FE0-A187-473D-8685-253A4604EE8C}.Release|Any CPU.ActiveCfg = Release|Any CPU
		{21DF9FE0-A187-473D-8685-253A4604EE8C}.Release|Any CPU.Build.0 = Release|Any CPU
		{21DF9FE0-A187-473D-8685-253A4604EE8C}.Release|x64.ActiveCfg = Release|Any CPU
		{21DF9FE0-A187-473D-8685-253A4604EE8C}.Release|x64.Build.0 = Release|Any CPU
		{21DF9FE0-A187-473D-8685-253A4604EE8C}.Release|x86.ActiveCfg = Release|Any CPU
		{21DF9FE0-A187-473D-8685-253A4604EE8C}.Release|x86.Build.0 = Release|Any CPU
		{2EB2BB28-939B-4D44-8C1B-964CFB654E87}.Debug|Any CPU.ActiveCfg = Debug|Any CPU
		{2EB2BB28-939B-4D44-8C1B-964CFB654E87}.Debug|Any CPU.Build.0 = Debug|Any CPU
		{2EB2BB28-939B-4D44-8C1B-964CFB654E87}.Debug|x64.ActiveCfg = Debug|Any CPU
		{2EB2BB28-939B-4D44-8C1B-964CFB654E87}.Debug|x64.Build.0 = Debug|Any CPU
		{2EB2BB28-939B-4D44-8C1B-964CFB654E87}.Debug|x86.ActiveCfg = Debug|Any CPU
		{2EB2BB28-939B-4D44-8C1B-964CFB654E87}.Debug|x86.Build.0 = Debug|Any CPU
		{2EB2BB28-939B-4D44-8C1B-964CFB654E87}.Release|Any CPU.ActiveCfg = Release|Any CPU
		{2EB2BB28-939B-4D44-8C1B-964CFB654E87}.Release|Any CPU.Build.0 = Release|Any CPU
		{2EB2BB28-939B-4D44-8C1B-964CFB654E87}.Release|x64.ActiveCfg = Release|Any CPU
		{2EB2BB28-939B-4D44-8C1B-964CFB654E87}.Release|x64.Build.0 = Release|Any CPU
		{2EB2BB28-939B-4D44-8C1B-964CFB654E87}.Release|x86.ActiveCfg = Release|Any CPU
		{2EB2BB28-939B-4D44-8C1B-964CFB654E87}.Release|x86.Build.0 = Release|Any CPU
		{B8E11F55-E0DE-44A0-B1C6-3527BD8F8C85}.Debug|Any CPU.ActiveCfg = Debug|Any CPU
		{B8E11F55-E0DE-44A0-B1C6-3527BD8F8C85}.Debug|Any CPU.Build.0 = Debug|Any CPU
		{B8E11F55-E0DE-44A0-B1C6-3527BD8F8C85}.Debug|x64.ActiveCfg = Debug|Any CPU
		{B8E11F55-E0DE-44A0-B1C6-3527BD8F8C85}.Debug|x64.Build.0 = Debug|Any CPU
		{B8E11F55-E0DE-44A0-B1C6-3527BD8F8C85}.Debug|x86.ActiveCfg = Debug|Any CPU
		{B8E11F55-E0DE-44A0-B1C6-3527BD8F8C85}.Debug|x86.Build.0 = Debug|Any CPU
		{B8E11F55-E0DE-44A0-B1C6-3527BD8F8C85}.Release|Any CPU.ActiveCfg = Release|Any CPU
		{B8E11F55-E0DE-44A0-B1C6-3527BD8F8C85}.Release|Any CPU.Build.0 = Release|Any CPU
		{B8E11F55-E0DE-44A0-B1C6-3527BD8F8C85}.Release|x64.ActiveCfg = Release|Any CPU
		{B8E11F55-E0DE-44A0-B1C6-3527BD8F8C85}.Release|x64.Build.0 = Release|Any CPU
		{B8E11F55-E0DE-44A0-B1C6-3527BD8F8C85}.Release|x86.ActiveCfg = Release|Any CPU
		{B8E11F55-E0DE-44A0-B1C6-3527BD8F8C85}.Release|x86.Build.0 = Release|Any CPU
	EndGlobalSection
	GlobalSection(SolutionProperties) = preSolution
		HideSolutionNode = FALSE
	EndGlobalSection
	GlobalSection(NestedProjects) = preSolution
		{1A2238A7-B758-40F5-8EC4-5B8E428BDA37} = {827E0CD3-B72D-47B6-A68D-7590B98EB39B}
		{21DF9FE0-A187-473D-8685-253A4604EE8C} = {827E0CD3-B72D-47B6-A68D-7590B98EB39B}
		{2EB2BB28-939B-4D44-8C1B-964CFB654E87} = {827E0CD3-B72D-47B6-A68D-7590B98EB39B}
		{B8E11F55-E0DE-44A0-B1C6-3527BD8F8C85} = {827E0CD3-B72D-47B6-A68D-7590B98EB39B}
	EndGlobalSection
	GlobalSection(ExtensibilityGlobals) = postSolution
		SolutionGuid = {6BFE9493-8E33-4157-9B40-A771D0589E15}
	EndGlobalSection
EndGlobal
